{
  "name": "chad-acp-harness",
  "version": "0.1.0",
  "lockfileVersion": 3,
  "requires": true,
  "packages": {
    "": {
      "name": "chad-acp-harness",
      "version": "0.1.0",
      "dependencies": {
        "@zed-industries/agent-client-protocol": "0.4.5"
      }
    },
    "node_modules/@zed-industries/agent-client-protocol": {
      "version": "0.4.5",
      "resolved": "https://registry.npmjs.org/@zed-industries/agent-client-protocol/-/agent-client-protocol-0.4.5.tgz",
      "integrity": "sha512-OwHKfu5AiKul/GSJilHg36+kOSV9eOl2eYnjR6tenAQDdraSnt22WFk0SDFTeuAANz1Gxkv+DTf7Hq32rvX7FQ==",
      "deprecated": "This package has been renamed to @agentclientprotocol/sdk. Please migrate to continue receiving updates.",
      "license": "Apache-2.0",
      "dependencies": {
        "zod": "^3.0.0"
      }
    },
    "node_modules/zod": {
      "version": "3.25.76",
      "resolved": "https://registry.npmjs.org/zod/-/zod-3.25.76.tgz",
      "integrity": "sha512-gzUt/qt81nXsFGKIFcC3YnfEAx5NkunCfnDlvuBSSFS02bcXu4Lmea0AFIUwbLWxWPx3d9p8S5QoaujKcNQxcQ==",
      "license": "MIT",
      "funding": {
        "url": "https://github.com/sponsors/colinhacks"
      }
    }
  }
}
